# THIS IS AN AUTOGENERATED FILE. DO NOT EDIT THIS FILE DIRECTLY.
# yarn lockfile v1


"@babel/parser@^7.15.0":
  version "7.15.8"
  resolved "https://registry.yarnpkg.com/@babel/parser/-/parser-7.15.8.tgz#7bacdcbe71bdc3ff936d510c15dcea7cf0b99016"
  integrity sha512-BRYa3wcQnjS/nqI8Ac94pYYpJfojHVvVXJ97+IDCImX4Jc8W8Xv1+47enbruk+q1etOpsQNwnfFcNGw+gtPGxA==

"@popperjs/core@^2.9.2":
  version "2.10.2"
  resolved "https://registry.yarnpkg.com/@popperjs/core/-/core-2.10.2.tgz#0798c03351f0dea1a5a4cabddf26a55a7cbee590"
  integrity sha512-IXf3XA7+XyN7CP9gGh/XB0UxVMlvARGEgGXLubFICsUMGz6Q+DU+i4gGlpOxTjKvXjkJDJC8YdqdKkDj9qZHEQ==

"@rollup/pluginutils@^4.1.1":
  version "4.1.1"
  resolved "https://registry.yarnpkg.com/@rollup/pluginutils/-/pluginutils-4.1.1.tgz#1d4da86dd4eded15656a57d933fda2b9a08d47ec"
  integrity sha512-clDjivHqWGXi7u+0d2r2sBi4Ie6VLEAzWMIkvJLnDmxoOhBYOTfzGbOQBA32THHm11/LiJbd01tJUpJsbshSWQ==
  dependencies:
    estree-walker "^2.0.1"
    picomatch "^2.2.2"

"@vant/icons@^1.7.1":
  version "1.7.1"
  resolved "https://registry.yarnpkg.com/@vant/icons/-/icons-1.7.1.tgz#49ae420302b5581e54e6894891e5a05bc76e9f87"
  integrity sha512-66LPEq89w4kl258nALZcRNd14eUJC8VajvTJwvZKOaZawz6CUeVZ6ybhedTUhQhRjeA8SyWD7dFt4ALf33Sabw==

"@vant/lazyload@^1.4.0":
  version "1.4.0"
  resolved "https://registry.yarnpkg.com/@vant/lazyload/-/lazyload-1.4.0.tgz#e0529326917d8cb2264ee2e4eb08f1a03aab2c1d"
  integrity sha512-KCbo+jZYPFGIlSip3FLbegdx3h+4e2tTamyO02o2eckUiCaCgaHO5bEX/sWcDm+jEZFT02PRW3Z3LRFSRxh5rw==
  dependencies:
    "@vant/use" "^1.3.2"

"@vant/popperjs@^1.1.0":
  version "1.1.0"
  resolved "https://registry.yarnpkg.com/@vant/popperjs/-/popperjs-1.1.0.tgz#b4edee5bbfa6fb18705986e313d4fd5f17942a0f"
  integrity sha512-8MD1gz146awV/uPxYjz4pet22f7a9YVKqk7T+gFkWFwT9mEcrIUEg/xPrdOnWKLP9puXyYtm7oVfSDSefZ/p/w==
  dependencies:
    "@popperjs/core" "^2.9.2"

"@vant/use@^1.3.2":
  version "1.3.2"
  resolved "https://registry.yarnpkg.com/@vant/use/-/use-1.3.2.tgz#d4f232f0440df3c058c65037ae6f20ebd0c06ad3"
  integrity sha512-EFTdNIzyXy6FOnNVbGg3R7XPr+rbbJaL59l/Ju6nXrV9TV68G8KnHlxPt8BQYsgJMaHlGwM2sJIOd1/SzM7n2A==

"@vitejs/plugin-vue@^1.9.3":
  version "1.9.3"
  resolved "https://registry.yarnpkg.com/@vitejs/plugin-vue/-/plugin-vue-1.9.3.tgz#93d61893ce6c723d0209af0483ec8b91a2cd811f"
  integrity sha512-yW6H/q+4Mc2PcVjSOelcsMrg/k15DnMUz8jyCFsI04emc3aLwo4AoofUfGnjHUkgirrDxSJLVqQVGhonQ3yykA==

"@vue/compiler-core@3.2.20":
  version "3.2.20"
  resolved "https://registry.yarnpkg.com/@vue/compiler-core/-/compiler-core-3.2.20.tgz#af5a3c5237818835b0d0be837eb5885a8d21c160"
  integrity sha512-vcEXlKXoPwBXFP5aUTHN9GTZaDfwCofa9Yu9bbW2C5O/QSa9Esdt7OG4+0RRd3EHEMxUvEdj4RZrd/KpQeiJbA==
  dependencies:
    "@babel/parser" "^7.15.0"
    "@vue/shared" "3.2.20"
    estree-walker "^2.0.2"
    source-map "^0.6.1"

"@vue/compiler-dom@3.2.20":
  version "3.2.20"
  resolved "https://registry.yarnpkg.com/@vue/compiler-dom/-/compiler-dom-3.2.20.tgz#8e0ef354449c0faf41519b00bfc2045eae01dcb5"
  integrity sha512-QnI77ec/JtV7R0YBbcVayYTDCRcI9OCbxiUQK6izVyqQO0658n0zQuoNwe+bYgtqnvGAIqTR3FShTd5y4oOjdg==
  dependencies:
    "@vue/compiler-core" "3.2.20"
    "@vue/shared" "3.2.20"

"@vue/compiler-sfc@3.2.20", "@vue/compiler-sfc@^3.2.20":
  version "3.2.20"
  resolved "https://registry.yarnpkg.com/@vue/compiler-sfc/-/compiler-sfc-3.2.20.tgz#2d7668e76f066c566dd7c09c15c9acce4e876e0a"
  integrity sha512-03aZo+6tQKiFLfunHKSPZvdK4Jsn/ftRCyaro8AQIWkuxJbvSosbKK6HTTn+D2c3nPScG155akJoxKENw7rftQ==
  dependencies:
    "@babel/parser" "^7.15.0"
    "@vue/compiler-core" "3.2.20"
    "@vue/compiler-dom" "3.2.20"
    "@vue/compiler-ssr" "3.2.20"
    "@vue/ref-transform" "3.2.20"
    "@vue/shared" "3.2.20"
    estree-walker "^2.0.2"
    magic-string "^0.25.7"
    postcss "^8.1.10"
    source-map "^0.6.1"

"@vue/compiler-ssr@3.2.20":
  version "3.2.20"
  resolved "https://registry.yarnpkg.com/@vue/compiler-ssr/-/compiler-ssr-3.2.20.tgz#9cceb6261d9932cb5568202610c1c28f86c5e521"
  integrity sha512-rzzVVYivm+EjbfiGQvNeyiYZWzr6Hkej97RZLZvcumacQlnKv9176Xo9rRyeWwFbBlxmtNdrVMslRXtipMXk2w==
  dependencies:
    "@vue/compiler-dom" "3.2.20"
    "@vue/shared" "3.2.20"

"@vue/devtools-api@^6.0.0-beta.11", "@vue/devtools-api@^6.0.0-beta.14":
  version "6.0.0-beta.19"
  resolved "https://registry.yarnpkg.com/@vue/devtools-api/-/devtools-api-6.0.0-beta.19.tgz#f8e88059daa424515992426a0c7ea5cde07e99bf"
  integrity sha512-ObzQhgkoVeoyKv+e8+tB/jQBL2smtk/NmC9OmFK8UqdDpoOdv/Kf9pyDWL+IFyM7qLD2C75rszJujvGSPSpGlw==

"@vue/reactivity@3.2.20":
  version "3.2.20"
  resolved "https://registry.yarnpkg.com/@vue/reactivity/-/reactivity-3.2.20.tgz#81fe1c368e7f20bc0ec1dec1045bbee253582de8"
  integrity sha512-nSmoLojUTk+H8HNTAkrUduB4+yIUBK2HPihJo2uXVSH4Spry6oqN6lFzE5zpLK+F27Sja+UqR9R1+/kIOsHV5w==
  dependencies:
    "@vue/shared" "3.2.20"

"@vue/ref-transform@3.2.20":
  version "3.2.20"
  resolved "https://registry.yarnpkg.com/@vue/ref-transform/-/ref-transform-3.2.20.tgz#2a59ec90caf8e5c7336776a0900bff0a8b81c090"
  integrity sha512-Y42d3PGlYZ1lXcF3dbd3+qU/C/a3wYEZ949fyOI5ptzkjDWlkfU6vn74fmOjsLjEcjs10BXK2qO99FqQIK2r1Q==
  dependencies:
    "@babel/parser" "^7.15.0"
    "@vue/compiler-core" "3.2.20"
    "@vue/shared" "3.2.20"
    estree-walker "^2.0.2"
    magic-string "^0.25.7"

"@vue/runtime-core@3.2.20":
  version "3.2.20"
  resolved "https://registry.yarnpkg.com/@vue/runtime-core/-/runtime-core-3.2.20.tgz#8f63e956a3f88fb772541443c45a7701211012cb"
  integrity sha512-d1xfUGhZPfiZzAN7SatStD4vRtT8deJSXib2+Cz3x0brjMWKxe32asQc154FF1E2fFgMCHtnfd4A90bQEzV4GQ==
  dependencies:
    "@vue/reactivity" "3.2.20"
    "@vue/shared" "3.2.20"

"@vue/runtime-dom@3.2.20":
  version "3.2.20"
  resolved "https://registry.yarnpkg.com/@vue/runtime-dom/-/runtime-dom-3.2.20.tgz#8aa56ae6c30f9cd4a71ca0e9ec3c4bdc67148d15"
  integrity sha512-4TCvZMLhESWCFHFYgqN4QmMA/onnINAlUovhopjlS8ST27G1A8Z0tyxPzLoXLa+b5JrOpbMPheEMPvdKExTJig==
  dependencies:
    "@vue/runtime-core" "3.2.20"
    "@vue/shared" "3.2.20"
    csstype "^2.6.8"

"@vue/server-renderer@3.2.20":
  version "3.2.20"
  resolved "https://registry.yarnpkg.com/@vue/server-renderer/-/server-renderer-3.2.20.tgz#705e07ae9425132b2b6227d308a51a13f4d4ec81"
  integrity sha512-viIbZGep9XabnrRcaxWIi00cOh1x21QYm2upIL5W0zqzTJ54VdTzpI+zi1osNp+VfRQDTHpV2U7H3Kn4ljYJvg==
  dependencies:
    "@vue/compiler-ssr" "3.2.20"
    "@vue/shared" "3.2.20"

"@vue/shared@3.2.20":
  version "3.2.20"
  resolved "https://registry.yarnpkg.com/@vue/shared/-/shared-3.2.20.tgz#53746961f731a8ea666e3316271e944238dc31db"
  integrity sha512-FbpX+hD5BvXCQerEYO7jtAGHlhAkhTQ4KIV73kmLWNlawWhTiVuQxizgVb0BOkX5oG9cIRZ42EG++d/k/Efp0w==

anymatch@~3.1.2:
  version "3.1.2"
  resolved "https://registry.yarnpkg.com/anymatch/-/anymatch-3.1.2.tgz#c0557c096af32f106198f4f4e2a383537e378716"
  integrity sha512-P43ePfOAIupkguHUycrc4qJ9kz8ZiuOUijaETwX7THt0Y/GNK7v0aa8rY816xWjZ7rJdA5XdMcpVFTKMq+RvWg==
  dependencies:
    normalize-path "^3.0.0"
    picomatch "^2.0.4"

autoprefixer@^10.3.7:
  version "10.3.7"
  resolved "https://registry.yarnpkg.com/autoprefixer/-/autoprefixer-10.3.7.tgz#cef2562058406bd378c94aacda36bb46a97b3186"
  integrity sha512-EmGpu0nnQVmMhX8ROoJ7Mx8mKYPlcUHuxkwrRYEYMz85lu7H09v8w6R1P0JPdn/hKU32GjpLBFEOuIlDWCRWvg==
  dependencies:
    browserslist "^4.17.3"
    caniuse-lite "^1.0.30001264"
    fraction.js "^4.1.1"
    normalize-range "^0.1.2"
    picocolors "^0.2.1"
    postcss-value-parser "^4.1.0"

axios@^0.23.0:
  version "0.23.0"
  resolved "https://registry.yarnpkg.com/axios/-/axios-0.23.0.tgz#b0fa5d0948a8d1d75e3d5635238b6c4625b05149"
  integrity sha512-NmvAE4i0YAv5cKq8zlDoPd1VLKAqX5oLuZKs8xkJa4qi6RGn0uhCYFjWtHHC9EM/MwOwYWOs53W+V0aqEXq1sg==
  dependencies:
    follow-redirects "^1.14.4"

binary-extensions@^2.0.0:
  version "2.2.0"
  resolved "https://registry.yarnpkg.com/binary-extensions/-/binary-extensions-2.2.0.tgz#75f502eeaf9ffde42fc98829645be4ea76bd9e2d"
  integrity sha512-jDctJ/IVQbZoJykoeHbhXpOlNBqGNcwXJKJog42E5HDPUwQTSdjCHdihjj0DlnheQ7blbT6dHOafNAiS8ooQKA==

braces@~3.0.2:
  version "3.0.2"
  resolved "https://registry.yarnpkg.com/braces/-/braces-3.0.2.tgz#3454e1a462ee8d599e236df336cd9ea4f8afe107"
  integrity sha512-b8um+L1RzM3WDSzvhm6gIz1yfTbBt6YTlcEKAvsmqCZZFw46z626lVj9j1yEPW33H5H+lBQpZMP1k8l+78Ha0A==
  dependencies:
    fill-range "^7.0.1"

browserslist@^4.17.3:
  version "4.17.4"
  resolved "https://registry.yarnpkg.com/browserslist/-/browserslist-4.17.4.tgz#72e2508af2a403aec0a49847ef31bd823c57ead4"
  integrity sha512-Zg7RpbZpIJRW3am9Lyckue7PLytvVxxhJj1CaJVlCWENsGEAOlnlt8X0ZxGRPp7Bt9o8tIRM5SEXy4BCPMJjLQ==
  dependencies:
    caniuse-lite "^1.0.30001265"
    electron-to-chromium "^1.3.867"
    escalade "^3.1.1"
    node-releases "^2.0.0"
    picocolors "^1.0.0"

call-bind@^1.0.0:
  version "1.0.2"
  resolved "https://registry.yarnpkg.com/call-bind/-/call-bind-1.0.2.tgz#b1d4e89e688119c3c9a903ad30abb2f6a919be3c"
  integrity sha512-7O+FbCihrB5WGbFYesctwmTKae6rOiIzmz1icreWJ+0aA7LJfuqhEso2T9ncpcFtzMQtzXf2QGGueWJGTYsqrA==
  dependencies:
    function-bind "^1.1.1"
    get-intrinsic "^1.0.2"

camel-case@^4.1.2:
  version "4.1.2"
  resolved "https://registry.yarnpkg.com/camel-case/-/camel-case-4.1.2.tgz#9728072a954f805228225a6deea6b38461e1bd5a"
  integrity sha512-gxGWBrTT1JuMx6R+o5PTXMmUnhnVzLQ9SNutD4YqKtI6ap897t3tKECYla6gCWEkplXnlNybEkZg9GEGxKFCgw==
  dependencies:
    pascal-case "^3.1.2"
    tslib "^2.0.3"

caniuse-lite@^1.0.30001264, caniuse-lite@^1.0.30001265:
  version "1.0.30001267"
  resolved "https://registry.yarnpkg.com/caniuse-lite/-/caniuse-lite-1.0.30001267.tgz#b1cf2937175afc0570e4615fc2d2f9069fa0ed30"
  integrity sha512-r1mjTzAuJ9W8cPBGbbus8E0SKcUP7gn03R14Wk8FlAlqhH9hroy9nLqmpuXlfKEw/oILW+FGz47ipXV2O7x8lg==

capital-case@^1.0.4:
  version "1.0.4"
  resolved "https://registry.yarnpkg.com/capital-case/-/capital-case-1.0.4.tgz#9d130292353c9249f6b00fa5852bee38a717e669"
  integrity sha512-ds37W8CytHgwnhGGTi88pcPyR15qoNkOpYwmMMfnWqqWgESapLqvDx6huFjQ5vqWSn2Z06173XNA7LtMOeUh1A==
  dependencies:
    no-case "^3.0.4"
    tslib "^2.0.3"
    upper-case-first "^2.0.2"

change-case@^4.1.2:
  version "4.1.2"
  resolved "https://registry.yarnpkg.com/change-case/-/change-case-4.1.2.tgz#fedfc5f136045e2398c0410ee441f95704641e12"
  integrity sha512-bSxY2ws9OtviILG1EiY5K7NNxkqg/JnRnFxLtKQ96JaviiIxi7djMrSd0ECT9AC+lttClmYwKw53BWpOMblo7A==
  dependencies:
    camel-case "^4.1.2"
    capital-case "^1.0.4"
    constant-case "^3.0.4"
    dot-case "^3.0.4"
    header-case "^2.0.4"
    no-case "^3.0.4"
    param-case "^3.0.4"
    pascal-case "^3.1.2"
    path-case "^3.0.4"
    sentence-case "^3.0.4"
    snake-case "^3.0.4"
    tslib "^2.0.3"

"chokidar@>=3.0.0 <4.0.0":
  version "3.5.2"
  resolved "https://registry.yarnpkg.com/chokidar/-/chokidar-3.5.2.tgz#dba3976fcadb016f66fd365021d91600d01c1e75"
  integrity sha512-ekGhOnNVPgT77r4K/U3GDhu+FQ2S8TnK/s2KbIGXi0SZWuwkZ2QNyfWdZW+TVfn84DpEP7rLeCt2UI6bJ8GwbQ==
  dependencies:
    anymatch "~3.1.2"
    braces "~3.0.2"
    glob-parent "~5.1.2"
    is-binary-path "~2.1.0"
    is-glob "~4.0.1"
    normalize-path "~3.0.0"
    readdirp "~3.6.0"
  optionalDependencies:
    fsevents "~2.3.2"

constant-case@^3.0.4:
  version "3.0.4"
  resolved "https://registry.yarnpkg.com/constant-case/-/constant-case-3.0.4.tgz#3b84a9aeaf4cf31ec45e6bf5de91bdfb0589faf1"
  integrity sha512-I2hSBi7Vvs7BEuJDr5dDHfzb/Ruj3FyvFyh7KLilAjNQw3Be+xgqUBA2W6scVEcL0hL1dwPRtIqEPVUCKkSsyQ==
  dependencies:
    no-case "^3.0.4"
    tslib "^2.0.3"
    upper-case "^2.0.2"

csstype@^2.6.8:
  version "2.6.18"
  resolved "https://registry.yarnpkg.com/csstype/-/csstype-2.6.18.tgz#980a8b53085f34af313410af064f2bd241784218"
  integrity sha512-RSU6Hyeg14am3Ah4VZEmeX8H7kLwEEirXe6aU2IPfKNvhXwTflK5HQRDNI0ypQXoqmm+QPyG2IaPuQE5zMwSIQ==

debug@^4.3.2:
  version "4.3.2"
  resolved "https://registry.yarnpkg.com/debug/-/debug-4.3.2.tgz#f0a49c18ac8779e31d4a0c6029dfb76873c7428b"
  integrity sha512-mOp8wKcvj7XxC78zLgw/ZA+6TSgkoE2C/ienthhRD298T7UNwAg9diBpLRxC0mOezLl4B0xV7M0cCO6P/O0Xhw==
  dependencies:
    ms "2.1.2"

dot-case@^3.0.4:
  version "3.0.4"
  resolved "https://registry.yarnpkg.com/dot-case/-/dot-case-3.0.4.tgz#9b2b670d00a431667a8a75ba29cd1b98809ce751"
  integrity sha512-Kv5nKlh6yRrdrGvxeJ2e5y2eRUpkUosIW4A2AS38zwSz27zu7ufDwQPi5Jhs3XAlGNetl3bmnGhQsMtkKJnj3w==
  dependencies:
    no-case "^3.0.4"
    tslib "^2.0.3"

electron-to-chromium@^1.3.867:
  version "1.3.870"
  resolved "https://registry.yarnpkg.com/electron-to-chromium/-/electron-to-chromium-1.3.870.tgz#c15c921e66a46985181b261f8093b91c2abb6604"
  integrity sha512-PiJMshfq6PL+i1V+nKLwhHbCKeD8eAz8rvO9Cwk/7cChOHJBtufmjajLyYLsSRHguRFiOCVx3XzJLeZsIAYfSA==

es-module-lexer@^0.7.1:
  version "0.7.1"
  resolved "https://registry.yarnpkg.com/es-module-lexer/-/es-module-lexer-0.7.1.tgz#c2c8e0f46f2df06274cdaf0dd3f3b33e0a0b267d"
  integrity sha512-MgtWFl5No+4S3TmhDmCz2ObFGm6lEpTnzbQi+Dd+pw4mlTIZTmM2iAs5gRlmx5zS9luzobCSBSI90JM/1/JgOw==

esbuild-android-arm64@0.13.5:
  version "0.13.5"
  resolved "https://registry.yarnpkg.com/esbuild-android-arm64/-/esbuild-android-arm64-0.13.5.tgz#a299a18fd8a016ae19fd948fc659b3f65d1b992f"
  integrity sha512-xaNH58b9XRAWT5q0rwA2GNTgJynb51JhdotlNKdLmSCyKXPVlF87yqNLNdmlX/zndzRDrZdtpCWSALdn/J63Ug==

esbuild-darwin-64@0.13.5:
  version "0.13.5"
  resolved "https://registry.yarnpkg.com/esbuild-darwin-64/-/esbuild-darwin-64-0.13.5.tgz#01359f2c6921bd2704d0a895f5603ab33f2eeb1b"
  integrity sha512-ClGQeUObXIxEpZviGzjTinDikXy9XodojP9jLKwqLCBpZ9wdV3MW7JOmw60fgXgnbNRvkZCqM6uEi+ur8p80Ow==

esbuild-darwin-arm64@0.13.5:
  version "0.13.5"
  resolved "https://registry.yarnpkg.com/esbuild-darwin-arm64/-/esbuild-darwin-arm64-0.13.5.tgz#1dbe362ebc9afcdab4f9af9bb320dacd73e2aedc"
  integrity sha512-qro6M/qzs1dBPh14Ca+5moIkLo2KE3ll3dOpiN7aAususkM1HmqQptCEchi0XwX+6nfqWI96YvVqPJ3DfUUK5A==

esbuild-freebsd-64@0.13.5:
  version "0.13.5"
  resolved "https://registry.yarnpkg.com/esbuild-freebsd-64/-/esbuild-freebsd-64-0.13.5.tgz#fecee59fa491a3f544c731b0c0319bd5a9da7d50"
  integrity sha512-vklf7L7fghREEvS1sjAFcxcw/Qqt+Z+L0ySN+pEeb7rA8nPLfRBSFdXAru8UNuHsMWns6CrcZ5eDOKTerZZ5ng==

esbuild-freebsd-arm64@0.13.5:
  version "0.13.5"
  resolved "https://registry.yarnpkg.com/esbuild-freebsd-arm64/-/esbuild-freebsd-arm64-0.13.5.tgz#4e98c0e33ed19a63ffd4db87314986b9d93850b5"
  integrity sha512-kJoouhbZt4QvjiPak7/Lz57Azok0CgFnNtixiOsqEQXTabIaKmMmnq4qgjD6EBFeU/hvSXDrPe6U8dWhBZOrWQ==

esbuild-linux-32@0.13.5:
  version "0.13.5"
  resolved "https://registry.yarnpkg.com/esbuild-linux-32/-/esbuild-linux-32-0.13.5.tgz#00083740af7f1416951c634a461e3d01ed812cd0"
  integrity sha512-/QufG6tTGKAf42pIYkOVZzKBPxF01xH1kCPyOFJZukZBV/Tk3TeOZfhJIAf7pxl4jhfa+c4Jcdp7CvIAjXrmJg==

esbuild-linux-64@0.13.5:
  version "0.13.5"
  resolved "https://registry.yarnpkg.com/esbuild-linux-64/-/esbuild-linux-64-0.13.5.tgz#49bd1648fd2070594fe3aad31925108ee2916216"
  integrity sha512-NmNFMXEthuFJTFaD4cLhAHCxg+y3uXzo7nqH/WNNSZ8PPY11jbeOvMbdArYlbo2Wy1N/mTHXMcK1synSJj+4Iw==

esbuild-linux-arm64@0.13.5:
  version "0.13.5"
  resolved "https://registry.yarnpkg.com/esbuild-linux-arm64/-/esbuild-linux-arm64-0.13.5.tgz#78ef0f20d2b175403552075cc6d6af80f55a22d8"
  integrity sha512-dOS5EZsZj8Lw0TgEj3zy1/slTBbfBw4v7uHEqZXP34dUaRq2oltNaUYIj735CtgB7I5/MXrXEUYkXLqcVfzJQQ==

esbuild-linux-arm@0.13.5:
  version "0.13.5"
  resolved "https://registry.yarnpkg.com/esbuild-linux-arm/-/esbuild-linux-arm-0.13.5.tgz#27c4e92a6597376a8c3fe8c79177d72ba77f8500"
  integrity sha512-69nQmbKLBRaAxf88diyaOyarrI7yIdBkZ8bmVzQ7XVWneY+nYIcGtugTSOs5znNGfPqGOElAjh1lX+0sGYHNpA==

esbuild-linux-mips64le@0.13.5:
  version "0.13.5"
  resolved "https://registry.yarnpkg.com/esbuild-linux-mips64le/-/esbuild-linux-mips64le-0.13.5.tgz#4061cbef41f96e4a176bebf7e7b2d6d397e05e86"
  integrity sha512-dmKA8ZI/nHwpxIQW/L5crk7Ac4wJJ2Kquvdo1CdXPW1UljMyKUDuHc4K7D1Iws5igqJmNO6U5vdRUKrdnIov6Q==

esbuild-linux-ppc64le@0.13.5:
  version "0.13.5"
  resolved "https://registry.yarnpkg.com/esbuild-linux-ppc64le/-/esbuild-linux-ppc64le-0.13.5.tgz#290a5caca6751b8c80c5d075cafe857102263118"
  integrity sha512-HkVGKkPL3XOhJqNOJ752Q1li5zeidrJHv+XWX6qCnCipNsVuGqaAGfxeWbL/+A/giolMlP7wvAuiKgoe+a5UAw==

esbuild-openbsd-64@0.13.5:
  version "0.13.5"
  resolved "https://registry.yarnpkg.com/esbuild-openbsd-64/-/esbuild-openbsd-64-0.13.5.tgz#223eb2730a6fede7930a2b44b0b1d5b067a3cef5"
  integrity sha512-BuOZzmdsdreSs0qDgbuiEhSbUDDW2Wyp4VtpNGBmaLwPMHftdprOJXLkeFud3HlnRB2n9qdiTVKg1B8YqMogSw==

esbuild-sunos-64@0.13.5:
  version "0.13.5"
  resolved "https://registry.yarnpkg.com/esbuild-sunos-64/-/esbuild-sunos-64-0.13.5.tgz#6f121ac285c298f09467748607cc0496ebbfd23e"
  integrity sha512-YJNB6Og1QYAPikvYDbqvk5xCqr6WL2i5cRWPGGgWOEItQPnq6gFsWogS3DiYM8TQKe50KRiD3Lwu7eNYsdPO4w==

esbuild-windows-32@0.13.5:
  version "0.13.5"
  resolved "https://registry.yarnpkg.com/esbuild-windows-32/-/esbuild-windows-32-0.13.5.tgz#0da6d240152f76f3dd764c0bb0391d894acd403f"
  integrity sha512-CigOlBSKsZ61IS+FyhD3luqCpl7LN9ntDaBZXumls/0IZ/8BJ5txqw4a6pv4LtnfIgt0ixGHSH7kAUmApw/HAw==

esbuild-windows-64@0.13.5:
  version "0.13.5"
  resolved "https://registry.yarnpkg.com/esbuild-windows-64/-/esbuild-windows-64-0.13.5.tgz#330266a2c95b26c2f949e9de9b0c366924fec53f"
  integrity sha512-pg2BZXLpcPcrIcmToGapLRExzj6sm0VmQlqlmnMOtIJh0YQV9c0CRbhfIT0gYvJqCz5JEGiRvYpArRlxWADN3Q==

esbuild-windows-arm64@0.13.5:
  version "0.13.5"
  resolved "https://registry.yarnpkg.com/esbuild-windows-arm64/-/esbuild-windows-arm64-0.13.5.tgz#e0501e82b88f4165cce7cd017db83428f459f775"
  integrity sha512-KKRDmUOIE4oCvJp0I4p4QyazK2X79spF29vsZr2U8qHhmxbTLSQWvYmb2WlF5Clb1URRsX0L013rhwHx1SEu0w==

esbuild@^0.13.2:
  version "0.13.5"
  resolved "https://registry.yarnpkg.com/esbuild/-/esbuild-0.13.5.tgz#f9add2c2c899a9023dd7f7b64c452320f008aa79"
  integrity sha512-Q9/f1njsZaO+Qqe3dqAdtu4zGHNZIbcEtdg44/NooyPhqCerns4FeC1UPYeB4pKD08iDuWcmyINFJTqpdN+pqg==
  optionalDependencies:
    esbuild-android-arm64 "0.13.5"
    esbuild-darwin-64 "0.13.5"
    esbuild-darwin-arm64 "0.13.5"
    esbuild-freebsd-64 "0.13.5"
    esbuild-freebsd-arm64 "0.13.5"
    esbuild-linux-32 "0.13.5"
    esbuild-linux-64 "0.13.5"
    esbuild-linux-arm "0.13.5"
    esbuild-linux-arm64 "0.13.5"
    esbuild-linux-mips64le "0.13.5"
    esbuild-linux-ppc64le "0.13.5"
    esbuild-openbsd-64 "0.13.5"
    esbuild-sunos-64 "0.13.5"
    esbuild-windows-32 "0.13.5"
    esbuild-windows-64 "0.13.5"
    esbuild-windows-arm64 "0.13.5"

escalade@^3.1.1:
  version "3.1.1"
  resolved "https://registry.yarnpkg.com/escalade/-/escalade-3.1.1.tgz#d8cfdc7000965c5a0174b4a82eaa5c0552742e40"
  integrity sha512-k0er2gUkLf8O0zKJiAhmkTnJlTvINGv7ygDNPbeIsX/TJjGJZHuh9B2UxbsaEkmlEo9MfhrSzmhIlhRlI2GXnw==

estree-walker@^2.0.1, estree-walker@^2.0.2:
  version "2.0.2"
  resolved "https://registry.yarnpkg.com/estree-walker/-/estree-walker-2.0.2.tgz#52f010178c2a4c117a7757cfe942adb7d2da4cac"
  integrity sha512-Rfkk/Mp/DL7JVje3u18FxFujQlTNR2q6QfMSMB7AvCBx91NGj/ba3kCfza0f6dVDbw7YlRf/nDrn7pQrCCyQ/w==

fill-range@^7.0.1:
  version "7.0.1"
  resolved "https://registry.yarnpkg.com/fill-range/-/fill-range-7.0.1.tgz#1919a6a7c75fe38b2c7c77e5198535da9acdda40"
  integrity sha512-qOo9F+dMUmC2Lcb4BbVvnKJxTPjCm+RRpe4gDuGrzkL7mEVl/djYSu2OdQ2Pa302N4oqkSg9ir6jaLWJ2USVpQ==
  dependencies:
    to-regex-range "^5.0.1"

follow-redirects@^1.14.4:
  version "1.14.4"
  resolved "https://registry.yarnpkg.com/follow-redirects/-/follow-redirects-1.14.4.tgz#838fdf48a8bbdd79e52ee51fb1c94e3ed98b9379"
  integrity sha512-zwGkiSXC1MUJG/qmeIFH2HBJx9u0V46QGUe3YR1fXG8bXQxq7fLj0RjLZQ5nubr9qNJUZrH+xUcwXEoXNpfS+g==

fraction.js@^4.1.1:
  version "4.1.1"
  resolved "https://registry.yarnpkg.com/fraction.js/-/fraction.js-4.1.1.tgz#ac4e520473dae67012d618aab91eda09bcb400ff"
  integrity sha512-MHOhvvxHTfRFpF1geTK9czMIZ6xclsEor2wkIGYYq+PxcQqT7vStJqjhe6S1TenZrMZzo+wlqOufBDVepUEgPg==

fsevents@~2.3.2:
  version "2.3.2"
  resolved "https://registry.yarnpkg.com/fsevents/-/fsevents-2.3.2.tgz#8a526f78b8fdf4623b709e0b975c52c24c02fd1a"
  integrity sha512-xiqMQR4xAeHTuB9uWm+fFRcIOgKBMiOBP+eXiyT7jsgVCq1bkVygt00oASowB7EdtpOHaaPgKt812P9ab+DDKA==

function-bind@^1.1.1:
  version "1.1.1"
  resolved "https://registry.yarnpkg.com/function-bind/-/function-bind-1.1.1.tgz#a56899d3ea3c9bab874bb9773b7c5ede92f4895d"
  integrity sha512-yIovAzMX49sF8Yl58fSCWJ5svSLuaibPxXQJFLmBObTuCr0Mf1KiPopGM9NiFjiYBCbfaa2Fh6breQ6ANVTI0A==

get-intrinsic@^1.0.2:
  version "1.1.1"
  resolved "https://registry.yarnpkg.com/get-intrinsic/-/get-intrinsic-1.1.1.tgz#15f59f376f855c446963948f0d24cd3637b4abc6"
  integrity sha512-kWZrnVM42QCiEA2Ig1bG8zjoIMOgxWwYCEeNdwY6Tv/cOSeGpcoX4pXHfKUxNKVoArnrEr2e9srnAxxGIraS9Q==
  dependencies:
    function-bind "^1.1.1"
    has "^1.0.3"
    has-symbols "^1.0.1"

glob-parent@~5.1.2:
  version "5.1.2"
  resolved "https://registry.yarnpkg.com/glob-parent/-/glob-parent-5.1.2.tgz#869832c58034fe68a4093c17dc15e8340d8401c4"
  integrity sha512-AOIgSQCepiJYwP3ARnGx+5VnTu2HBYdzbGP45eLw1vr3zB3vZLeyed1sC9hnbcOc9/SrMyM5RPQrkGz4aS9Zow==
  dependencies:
    is-glob "^4.0.1"

has-symbols@^1.0.1:
  version "1.0.2"
  resolved "https://registry.yarnpkg.com/has-symbols/-/has-symbols-1.0.2.tgz#165d3070c00309752a1236a479331e3ac56f1423"
  integrity sha512-chXa79rL/UC2KlX17jo3vRGz0azaWEx5tGqZg5pO3NUyEJVB17dMruQlzCCOfUvElghKcm5194+BCRvi2Rv/Gw==

has@^1.0.3:
  version "1.0.3"
  resolved "https://registry.yarnpkg.com/has/-/has-1.0.3.tgz#722d7cbfc1f6aa8241f16dd814e011e1f41e8796"
  integrity sha512-f2dvO0VU6Oej7RkWJGrehjbzMAjFp5/VKPp5tTpWIV4JHHZK1/BxbFRtf/siA2SWTe09caDmVtYYzWEIbBS4zw==
  dependencies:
    function-bind "^1.1.1"

header-case@^2.0.4:
  version "2.0.4"
  resolved "https://registry.yarnpkg.com/header-case/-/header-case-2.0.4.tgz#5a42e63b55177349cf405beb8d775acabb92c063"
  integrity sha512-H/vuk5TEEVZwrR0lp2zed9OCo1uAILMlx0JEMgC26rzyJJ3N1v6XkwHHXJQdR2doSjcGPM6OKPYoJgf0plJ11Q==
  dependencies:
    capital-case "^1.0.4"
    tslib "^2.0.3"

is-binary-path@~2.1.0:
  version "2.1.0"
  resolved "https://registry.yarnpkg.com/is-binary-path/-/is-binary-path-2.1.0.tgz#ea1f7f3b80f064236e83470f86c09c254fb45b09"
  integrity sha512-ZMERYes6pDydyuGidse7OsHxtbI7WVeUEozgR/g7rd0xUimYNlvZRE/K2MgZTjWy725IfelLeVcEM97mmtRGXw==
  dependencies:
    binary-extensions "^2.0.0"

is-core-module@^2.2.0:
  version "2.7.0"
  resolved "https://registry.yarnpkg.com/is-core-module/-/is-core-module-2.7.0.tgz#3c0ef7d31b4acfc574f80c58409d568a836848e3"
  integrity sha512-ByY+tjCciCr+9nLryBYcSD50EOGWt95c7tIsKTG1J2ixKKXPvF7Ej3AVd+UfDydAJom3biBGDBALaO79ktwgEQ==
  dependencies:
    has "^1.0.3"

is-extglob@^2.1.1:
  version "2.1.1"
  resolved "https://registry.yarnpkg.com/is-extglob/-/is-extglob-2.1.1.tgz#a88c02535791f02ed37c76a1b9ea9773c833f8c2"
  integrity sha1-qIwCU1eR8C7TfHahueqXc8gz+MI=

is-glob@^4.0.1, is-glob@~4.0.1:
  version "4.0.3"
  resolved "https://registry.yarnpkg.com/is-glob/-/is-glob-4.0.3.tgz#64f61e42cbbb2eec2071a9dac0b28ba1e65d5084"
  integrity sha512-xelSayHH36ZgE7ZWhli7pW34hNbNl8Ojv5KVmkJD4hBdD3th8Tfk9vYasLM+mXWOZhFkgZfxhLSnrwRr4elSSg==
  dependencies:
    is-extglob "^2.1.1"

is-number@^7.0.0:
  version "7.0.0"
  resolved "https://registry.yarnpkg.com/is-number/-/is-number-7.0.0.tgz#7535345b896734d5f80c4d06c50955527a14f12b"
  integrity sha512-41Cifkg6e8TylSpdtTpeLVMqvSBEVzTttHvERD741+pnZ8ANv0004MRL43QKPDlK9cGvNp6NZWZUBlbGXYxxng==

lower-case@^2.0.2:
  version "2.0.2"
  resolved "https://registry.yarnpkg.com/lower-case/-/lower-case-2.0.2.tgz#6fa237c63dbdc4a82ca0fd882e4722dc5e634e28"
  integrity sha512-7fm3l3NAF9WfN6W3JOmf5drwpVqX78JtoGJ3A6W0a6ZnldM41w2fV5D490psKFTpMds8TJse/eHLFFsNHHjHgg==
  dependencies:
    tslib "^2.0.3"

magic-string@^0.25.7:
  version "0.25.7"
  resolved "https://registry.yarnpkg.com/magic-string/-/magic-string-0.25.7.tgz#3f497d6fd34c669c6798dcb821f2ef31f5445051"
  integrity sha512-4CrMT5DOHTDk4HYDlzmwu4FVCcIYI8gauveasrdCu2IKIFOJ3f0v/8MDGJCDL9oD2ppz/Av1b0Nj345H9M+XIA==
  dependencies:
    sourcemap-codec "^1.4.4"

ms@2.1.2:
  version "2.1.2"
  resolved "https://registry.yarnpkg.com/ms/-/ms-2.1.2.tgz#d09d1f357b443f493382a8eb3ccd183872ae6009"
  integrity sha512-sGkPx+VjMtmA6MX27oA4FBFELFCZZ4S4XqeGOXCv68tT+jb3vk/RyaKWP0PTKyWtmLSM0b+adUTEvbs1PEaH2w==

nanoid@^3.1.28:
  version "3.1.30"
  resolved "https://registry.yarnpkg.com/nanoid/-/nanoid-3.1.30.tgz#63f93cc548d2a113dc5dfbc63bfa09e2b9b64362"
  integrity sha512-zJpuPDwOv8D2zq2WRoMe1HsfZthVewpel9CAvTfc/2mBD1uUT/agc5f7GHGWXlYkFvi1mVxe4IjvP2HNrop7nQ==

no-case@^3.0.4:
  version "3.0.4"
  resolved "https://registry.yarnpkg.com/no-case/-/no-case-3.0.4.tgz#d361fd5c9800f558551a8369fc0dcd4662b6124d"
  integrity sha512-fgAN3jGAh+RoxUGZHTSOLJIqUc2wmoBwGR4tbpNAKmmovFoWq0OdRkb0VkldReO2a2iBT/OEulG9XSUc10r3zg==
  dependencies:
    lower-case "^2.0.2"
    tslib "^2.0.3"

node-releases@^2.0.0:
  version "2.0.0"
  resolved "https://registry.yarnpkg.com/node-releases/-/node-releases-2.0.0.tgz#67dc74903100a7deb044037b8a2e5f453bb05400"
  integrity sha512-aA87l0flFYMzCHpTM3DERFSYxc6lv/BltdbRTOMZuxZ0cwZCD3mejE5n9vLhSJCN++/eOqr77G1IO5uXxlQYWA==

normalize-path@^3.0.0, normalize-path@~3.0.0:
  version "3.0.0"
  resolved "https://registry.yarnpkg.com/normalize-path/-/normalize-path-3.0.0.tgz#0dcd69ff23a1c9b11fd0978316644a0388216a65"
  integrity sha512-6eZs5Ls3WtCisHWp9S2GUy8dqkpGi4BVSz3GaqiE6ezub0512ESztXUwUB6C6IKbQkY2Pnb/mD4WYojCRwcwLA==

normalize-range@^0.1.2:
  version "0.1.2"
  resolved "https://registry.yarnpkg.com/normalize-range/-/normalize-range-0.1.2.tgz#2d10c06bdfd312ea9777695a4d28439456b75942"
  integrity sha1-LRDAa9/TEuqXd2laTShDlFa3WUI=

object-inspect@^1.9.0:
  version "1.11.0"
  resolved "https://registry.yarnpkg.com/object-inspect/-/object-inspect-1.11.0.tgz#9dceb146cedd4148a0d9e51ab88d34cf509922b1"
  integrity sha512-jp7ikS6Sd3GxQfZJPyH3cjcbJF6GZPClgdV+EFygjFLQ5FmW/dRUnTd9PQ9k0JhoNDabWFbpF1yCdSWCC6gexg==

param-case@^3.0.4:
  version "3.0.4"
  resolved "https://registry.yarnpkg.com/param-case/-/param-case-3.0.4.tgz#7d17fe4aa12bde34d4a77d91acfb6219caad01c5"
  integrity sha512-RXlj7zCYokReqWpOPH9oYivUzLYZ5vAPIfEmCTNViosC78F8F0H9y7T7gG2M39ymgutxF5gcFEsyZQSph9Bp3A==
  dependencies:
    dot-case "^3.0.4"
    tslib "^2.0.3"

pascal-case@^3.1.2:
  version "3.1.2"
  resolved "https://registry.yarnpkg.com/pascal-case/-/pascal-case-3.1.2.tgz#b48e0ef2b98e205e7c1dae747d0b1508237660eb"
  integrity sha512-uWlGT3YSnK9x3BQJaOdcZwrnV6hPpd8jFH1/ucpiLRPh/2zCVJKS19E4GvYHvaCcACn3foXZ0cLB9Wrx1KGe5g==
  dependencies:
    no-case "^3.0.4"
    tslib "^2.0.3"

path-case@^3.0.4:
  version "3.0.4"
  resolved "https://registry.yarnpkg.com/path-case/-/path-case-3.0.4.tgz#9168645334eb942658375c56f80b4c0cb5f82c6f"
  integrity sha512-qO4qCFjXqVTrcbPt/hQfhTQ+VhFsqNKOPtytgNKkKxSoEp3XPUQ8ObFuePylOIok5gjn69ry8XiULxCwot3Wfg==
  dependencies:
    dot-case "^3.0.4"
    tslib "^2.0.3"

path-parse@^1.0.6:
  version "1.0.7"
  resolved "https://registry.yarnpkg.com/path-parse/-/path-parse-1.0.7.tgz#fbc114b60ca42b30d9daf5858e4bd68bbedb6735"
  integrity sha512-LDJzPVEEEPR+y48z93A0Ed0yXb8pAByGWo/k5YYdYgpY2/2EsOsksJrq7lOHxryrVOn1ejG6oAp8ahvOIQD8sw==

picocolors@^0.2.1:
  version "0.2.1"
  resolved "https://registry.yarnpkg.com/picocolors/-/picocolors-0.2.1.tgz#570670f793646851d1ba135996962abad587859f"
  integrity sha512-cMlDqaLEqfSaW8Z7N5Jw+lyIW869EzT73/F5lhtY9cLGoVxSXznfgfXMO0Z5K0o0Q2TkTXq+0KFsdnSe3jDViA==

picocolors@^1.0.0:
  version "1.0.0"
  resolved "https://registry.yarnpkg.com/picocolors/-/picocolors-1.0.0.tgz#cb5bdc74ff3f51892236eaf79d68bc44564ab81c"
  integrity sha512-1fygroTLlHu66zi26VoTDv8yRgm0Fccecssto+MhsZ0D/DGW2sm8E8AjW7NU5VVTRt5GxbeZ5qBuJr+HyLYkjQ==

picomatch@^2.0.4, picomatch@^2.2.1, picomatch@^2.2.2:
  version "2.3.0"
  resolved "https://registry.yarnpkg.com/picomatch/-/picomatch-2.3.0.tgz#f1f061de8f6a4bf022892e2d128234fb98302972"
  integrity sha512-lY1Q/PiJGC2zOv/z391WOTD+Z02bCgsFfvxoXXf6h7kv9o+WmsmzYqrAwY63sNgOxE4xEdq0WyUnXfKeBrSvYw==

postcss-value-parser@^4.1.0:
  version "4.1.0"
  resolved "https://registry.yarnpkg.com/postcss-value-parser/-/postcss-value-parser-4.1.0.tgz#443f6a20ced6481a2bda4fa8532a6e55d789a2cb"
  integrity sha512-97DXOFbQJhk71ne5/Mt6cOu6yxsSfM0QGQyl0L25Gca4yGWEGJaig7l7gbCX623VqTBNGLRLaVUCnNkcedlRSQ==

postcss@^8.1.10, postcss@^8.3.8:
  version "8.3.9"
  resolved "https://registry.yarnpkg.com/postcss/-/postcss-8.3.9.tgz#98754caa06c4ee9eb59cc48bd073bb6bd3437c31"
  integrity sha512-f/ZFyAKh9Dnqytx5X62jgjhhzttjZS7hMsohcI7HEI5tjELX/HxCy3EFhsRxyzGvrzFF+82XPvCS8T9TFleVJw==
  dependencies:
    nanoid "^3.1.28"
    picocolors "^0.2.1"
    source-map-js "^0.6.2"

qs@^6.10.1:
  version "6.10.1"
  resolved "https://registry.yarnpkg.com/qs/-/qs-6.10.1.tgz#4931482fa8d647a5aab799c5271d2133b981fb6a"
  integrity sha512-M528Hph6wsSVOBiYUnGf+K/7w0hNshs/duGsNXPUCLH5XAqjEtiPGwNONLV0tBH8NoGb0mvD5JubnUTrujKDTg==
  dependencies:
    side-channel "^1.0.4"

readdirp@~3.6.0:
  version "3.6.0"
  resolved "https://registry.yarnpkg.com/readdirp/-/readdirp-3.6.0.tgz#74a370bd857116e245b29cc97340cd431a02a6c7"
  integrity sha512-hOS089on8RduqdbhvQ5Z37A0ESjsqz6qnRcffsMU3495FuTdqSm+7bhJ29JvIOsBDEEnan5DPu9t3To9VRlMzA==
  dependencies:
    picomatch "^2.2.1"

resolve@^1.20.0:
  version "1.20.0"
  resolved "https://registry.yarnpkg.com/resolve/-/resolve-1.20.0.tgz#629a013fb3f70755d6f0b7935cc1c2c5378b1975"
  integrity sha512-wENBPt4ySzg4ybFQW2TT1zMQucPK95HSh/nq2CFTZVOGut2+pQvSsgtda4d26YrYcr067wjbmzOG8byDPBX63A==
  dependencies:
    is-core-module "^2.2.0"
    path-parse "^1.0.6"

rollup@^2.57.0:
  version "2.58.0"
  resolved "https://registry.yarnpkg.com/rollup/-/rollup-2.58.0.tgz#a643983365e7bf7f5b7c62a8331b983b7c4c67fb"
  integrity sha512-NOXpusKnaRpbS7ZVSzcEXqxcLDOagN6iFS8p45RkoiMqPHDLwJm758UF05KlMoCRbLBTZsPOIa887gZJ1AiXvw==
  optionalDependencies:
    fsevents "~2.3.2"

sass@^1.43.2:
  version "1.43.2"
  resolved "https://registry.yarnpkg.com/sass/-/sass-1.43.2.tgz#c02501520c624ad6622529a8b3724eb08da82d65"
  integrity sha512-DncYhjl3wBaPMMJR0kIUaH3sF536rVrOcqqVGmTZHQRRzj7LQlyGV7Mb8aCKFyILMr5VsPHwRYtyKpnKYlmQSQ==
  dependencies:
    chokidar ">=3.0.0 <4.0.0"

sentence-case@^3.0.4:
  version "3.0.4"
  resolved "https://registry.yarnpkg.com/sentence-case/-/sentence-case-3.0.4.tgz#3645a7b8c117c787fde8702056225bb62a45131f"
  integrity sha512-8LS0JInaQMCRoQ7YUytAo/xUu5W2XnQxV2HI/6uM6U7CITS1RqPElr30V6uIqyMKM9lJGRVFy5/4CuzcixNYSg==
  dependencies:
    no-case "^3.0.4"
    tslib "^2.0.3"
    upper-case-first "^2.0.2"

side-channel@^1.0.4:
  version "1.0.4"
  resolved "https://registry.yarnpkg.com/side-channel/-/side-channel-1.0.4.tgz#efce5c8fdc104ee751b25c58d4290011fa5ea2cf"
  integrity sha512-q5XPytqFEIKHkGdiMIrY10mvLRvnQh42/+GoBlFW3b2LXLE2xxJpZFdm94we0BaoV3RwJyGqg5wS7epxTv0Zvw==
  dependencies:
    call-bind "^1.0.0"
    get-intrinsic "^1.0.2"
    object-inspect "^1.9.0"

snake-case@^3.0.4:
  version "3.0.4"
  resolved "https://registry.yarnpkg.com/snake-case/-/snake-case-3.0.4.tgz#4f2bbd568e9935abdfd593f34c691dadb49c452c"
  integrity sha512-LAOh4z89bGQvl9pFfNF8V146i7o7/CqFPbqzYgP+yYzDIDeS9HaNFtXABamRW+AQzEVODcvE79ljJ+8a9YSdMg==
  dependencies:
    dot-case "^3.0.4"
    tslib "^2.0.3"

source-map-js@^0.6.2:
  version "0.6.2"
  resolved "https://registry.yarnpkg.com/source-map-js/-/source-map-js-0.6.2.tgz#0bb5de631b41cfbda6cfba8bd05a80efdfd2385e"
  integrity sha512-/3GptzWzu0+0MBQFrDKzw/DvvMTUORvgY6k6jd/VS6iCR4RDTKWH6v6WPwQoUO8667uQEf9Oe38DxAYWY5F/Ug==

source-map@^0.6.1:
  version "0.6.1"
  resolved "https://registry.yarnpkg.com/source-map/-/source-map-0.6.1.tgz#74722af32e9614e9c287a8d0bbde48b5e2f1a263"
  integrity sha512-UjgapumWlbMhkBgzT7Ykc5YXUT46F0iKu8SGXq0bcwP5dz/h0Plj6enJqjz1Zbq2l5WaqYnrVbwWOWMyF3F47g==

sourcemap-codec@^1.4.4:
  version "1.4.8"
  resolved "https://registry.yarnpkg.com/sourcemap-codec/-/sourcemap-codec-1.4.8.tgz#ea804bd94857402e6992d05a38ef1ae35a9ab4c4"
  integrity sha512-9NykojV5Uih4lgo5So5dtw+f0JgJX30KCNI8gwhz2J9A15wD0Ml6tjHKwf6fTSa6fAdVBdZeNOs9eJ71qCk8vA==

to-regex-range@^5.0.1:
  version "5.0.1"
  resolved "https://registry.yarnpkg.com/to-regex-range/-/to-regex-range-5.0.1.tgz#1648c44aae7c8d988a326018ed72f5b4dd0392e4"
  integrity sha512-65P7iz6X5yEr1cwcgvQxbbIw7Uk3gOy5dIdtZ4rDveLqhrdJP+Li/Hx6tyK0NEb+2GCyneCMJiGqrADCSNk8sQ==
  dependencies:
    is-number "^7.0.0"

tslib@^2.0.3:
  version "2.3.1"
  resolved "https://registry.yarnpkg.com/tslib/-/tslib-2.3.1.tgz#e8a335add5ceae51aa261d32a490158ef042ef01"
  integrity sha512-77EbyPPpMz+FRFRuAFlWMtmgUWGe9UOG2Z25NqCwiIjRhOf5iKGuzSe5P2w1laq+FkRy4p+PCuVkJSGkzTEKVw==

upper-case-first@^2.0.2:
  version "2.0.2"
  resolved "https://registry.yarnpkg.com/upper-case-first/-/upper-case-first-2.0.2.tgz#992c3273f882abd19d1e02894cc147117f844324"
  integrity sha512-514ppYHBaKwfJRK/pNC6c/OxfGa0obSnAl106u97Ed0I625Nin96KAjttZF6ZL3e1XLtphxnqrOi9iWgm+u+bg==
  dependencies:
    tslib "^2.0.3"

upper-case@^2.0.2:
  version "2.0.2"
  resolved "https://registry.yarnpkg.com/upper-case/-/upper-case-2.0.2.tgz#d89810823faab1df1549b7d97a76f8662bae6f7a"
  integrity sha512-KgdgDGJt2TpuwBUIjgG6lzw2GWFRCW9Qkfkiv0DxqHHLYJHmtmdUIKcZd8rHgFSjopVTlw6ggzCm1b8MFQwikg==
  dependencies:
    tslib "^2.0.3"

vant@^3.2.5:
  version "3.2.5"
  resolved "https://registry.yarnpkg.com/vant/-/vant-3.2.5.tgz#092d10a5093044c9d0e7724f56bd687dca94ae90"
  integrity sha512-1nBiZsTzf53FZt4mhQvkAFy6t/mJDKVgGnjzrTyga2zA2tppH0ZIPtFyPlz6GYpvEf6Tile29DKHCvYMS8uOqA==
  dependencies:
    "@vant/icons" "^1.7.1"
    "@vant/lazyload" "^1.4.0"
    "@vant/popperjs" "^1.1.0"
    "@vant/use" "^1.3.2"

vite-plugin-style-import@^1.2.1:
  version "1.2.1"
  resolved "https://registry.yarnpkg.com/vite-plugin-style-import/-/vite-plugin-style-import-1.2.1.tgz#730c7b0e1f61ed685974fe09d2d5094858491be6"
  integrity sha512-N3qH4K/FE9GPs40k1bREEdBqKkAhjQUeLBNDWzDVFpKJ204unjUpJkGjRv6FA0c+uaZZCHwEQRUMKULtZW3kCw==
  dependencies:
    "@rollup/pluginutils" "^4.1.1"
    change-case "^4.1.2"
    debug "^4.3.2"
    es-module-lexer "^0.7.1"
    magic-string "^0.25.7"

vite@^2.6.7:
  version "2.6.7"
  resolved "https://registry.yarnpkg.com/vite/-/vite-2.6.7.tgz#e15c1d8327950720b5d7c4ec3fb36a5a58ccf7cb"
  integrity sha512-ewk//jve9k6vlU8PfJmWUHN8k0YYdw4VaKOMvoQ3nT2Pb6k5OSMKQi4jPOzVH/TlUqMsCrq7IJ80xcuDDVyigg==
  dependencies:
    esbuild "^0.13.2"
    postcss "^8.3.8"
    resolve "^1.20.0"
    rollup "^2.57.0"
  optionalDependencies:
    fsevents "~2.3.2"

vue-router@^4.0.11:
  version "4.0.11"
  resolved "https://registry.yarnpkg.com/vue-router/-/vue-router-4.0.11.tgz#cd649a0941c635281763a20965b599643ddc68ed"
  integrity sha512-sha6I8fx9HWtvTrFZfxZkiQQBpqSeT+UCwauYjkdOQYRvwsGwimlQQE2ayqUwuuXGzquFpCPoXzYKWlzL4OuXg==
  dependencies:
    "@vue/devtools-api" "^6.0.0-beta.14"

vue@^3.2.20:
  version "3.2.20"
  resolved "https://registry.yarnpkg.com/vue/-/vue-3.2.20.tgz#940f8aa8bf3e3be78243ca582bad41fcd45ae3e6"
  integrity sha512-81JjEP4OGk9oO8+CU0h2nFPGgJBm9mNa3kdCX2k6FuRdrWrC+CNe+tOnuIeTg8EWwQuI+wwdra5Q7vSzp7p4Iw==
  dependencies:
    "@vue/compiler-dom" "3.2.20"
    "@vue/compiler-sfc" "3.2.20"
    "@vue/runtime-dom" "3.2.20"
    "@vue/server-renderer" "3.2.20"
    "@vue/shared" "3.2.20"

vuex@^4.0.2:
  version "4.0.2"
  resolved "https://registry.yarnpkg.com/vuex/-/vuex-4.0.2.tgz#f896dbd5bf2a0e963f00c67e9b610de749ccacc9"
  integrity sha512-M6r8uxELjZIK8kTKDGgZTYX/ahzblnzC4isU1tpmEuOIIKmV+TRdc+H4s8ds2NuZ7wpUTdGRzJRtoj+lI+pc0Q==
  dependencies:
    "@vue/devtools-api" "^6.0.0-beta.11"
